# This file is automatically @generated by Cargo.
# It is not intended for manual editing.
[[package]]
name = "basic"
version = "0.1.0"
dependencies = [
 "bootloader 0.9.7 (registry+https://github.com/rust-lang/crates.io-index)",
 "x86_64 0.11.0 (registry+https://github.com/rust-lang/crates.io-index)",
]

[[package]]
name = "bit_field"
version = "0.9.0"
source = "registry+https://github.com/rust-lang/crates.io-index"

[[package]]
name = "bitflags"
version = "1.1.0"
source = "registry+https://github.com/rust-lang/crates.io-index"

[[package]]
name = "bootloader"
version = "0.9.7"
source = "registry+https://github.com/rust-lang/crates.io-index"
dependencies = [
 "rlibc 1.0.0 (registry+https://github.com/rust-lang/crates.io-index)",
]

[[package]]
name = "rlibc"
version = "1.0.0"
source = "registry+https://github.com/rust-lang/crates.io-index"

[[package]]
name = "runner"
version = "0.1.0"
dependencies = [
 "bootloader 0.9.7 (registry+https://github.com/rust-lang/crates.io-index)",
 "x86_64 0.11.0 (registry+https://github.com/rust-lang/crates.io-index)",
]

[[package]]
name = "runner-doctest"
version = "0.1.0"
dependencies = [
 "bootloader 0.9.7 (registry+https://github.com/rust-lang/crates.io-index)",
 "rlibc 1.0.0 (registry+https://github.com/rust-lang/crates.io-index)",
 "x86_64 0.11.0 (registry+https://github.com/rust-lang/crates.io-index)",
]

[[package]]
name = "runner-fail-reboot"
version = "0.1.0"
dependencies = [
 "bootloader 0.9.7 (registry+https://github.com/rust-lang/crates.io-index)",
 "rlibc 1.0.0 (registry+https://github.com/rust-lang/crates.io-index)",
 "x86_64 0.11.0 (registry+https://github.com/rust-lang/crates.io-index)",
]

[[package]]
name = "runner-test"
version = "0.1.0"
dependencies = [
 "bootloader 0.9.7 (registry+https://github.com/rust-lang/crates.io-index)",
 "rlibc 1.0.0 (registry+https://github.com/rust-lang/crates.io-index)",
 "x86_64 0.11.0 (registry+https://github.com/rust-lang/crates.io-index)",
]

[[package]]
name = "x86_64"
version = "0.11.0"
source = "registry+https://github.com/rust-lang/crates.io-index"
dependencies = [
 "bit_field 0.9.0 (registry+https://github.com/rust-lang/crates.io-index)",
 "bitflags 1.1.0 (registry+https://github.com/rust-lang/crates.io-index)",
]

[metadata]
"checksum bit_field 0.9.0 (registry+https://github.com/rust-lang/crates.io-index)" = "ed8765909f9009617974ab6b7d332625b320b33c326b1e9321382ef1999b5d56"
"checksum bitflags 1.1.0 (registry+https://github.com/rust-lang/crates.io-index)" = "3d155346769a6855b86399e9bc3814ab343cd3d62c7e985113d46a0ec3c281fd"
"checksum bootloader 0.9.7 (registry+https://github.com/rust-lang/crates.io-index)" = "1e54086033cef68ed4b1729aeb1383a4d2e7d9bacd70db747a0a0bc0a420c831"
"checksum rlibc 1.0.0 (registry+https://github.com/rust-lang/crates.io-index)" = "fc874b127765f014d792f16763a81245ab80500e2ad921ed4ee9e82481ee08fe"
"checksum x86_64 0.11.0 (registry+https://github.com/rust-lang/crates.io-index)" = "365de37eb7c6da582cbb510dd0f3f1235d24ff6309a8a96e8a9909cc9bfd608f"
